# This file is generated by running "yarn install" inside your project.
# Manual changes might be lost - proceed with caution!

__metadata:
  version: 4
  cacheKey: 7

"bs-platform@npm:^8.4.2":
  version: 8.4.2
  resolution: "bs-platform@npm:8.4.2"
  bin:
    bsb: bsb
    bsc: bsc
    bsrefmt: bsrefmt
    bstracing: lib/bstracing
  checksum: 60f84c4c63809031d2e8609f90ef877174b9461d8ca8e3697c921548648a7187ddc977ce210dd2df91568c5ffc46a8ffe16dcf8836ddb6637d6dcbaaef306a08
  languageName: node
  linkType: hard

"tag-and-trash-nova-extension@workspace:.":
  version: 0.0.0-use.local
  resolution: "tag-and-trash-nova-extension@workspace:."
  dependencies:
    bs-platform: ^8.4.2
  languageName: unknown
  linkType: soft
